
Microsoft Visual Studio Solution File, Format Version 12.00
# Visual Studio 15
Project("{FAE04EC0-301F-11D3-BF4B-00C04F79EFBC}") = "VContainer", "VContainer.csproj", "{76FE6450-8B91-27EC-07C0-80373701A94D}"
EndProject
Project("{FAE04EC0-301F-11D3-BF4B-00C04F79EFBC}") = "Unity.ShaderGraph.Editor", "Unity.ShaderGraph.Editor.csproj", "{0CDDDAD6-141A-F965-1F00-A5A052C5B5BF}"
EndProject
Project("{FAE04EC0-301F-11D3-BF4B-00C04F79EFBC}") = "Genies.Services", "Genies.Services.csproj", "{8DD8770F-0C94-44B8-B690-8AC95325E1E7}"
EndProject
Project("{FAE04EC0-301F-11D3-BF4B-00C04F79EFBC}") = "Newtonsoft.Json.UnityConverters", "Newtonsoft.Json.UnityConverters.csproj", "{3A99B00D-1360-8EBE-03F4-49BE8CB2A984}"
EndProject
Project("{FAE04EC0-301F-11D3-BF4B-00C04F79EFBC}") = "Toolbox.Editor", "Toolbox.Editor.csproj", "{17DE94C7-BA32-ED3F-8A02-A9190B30D837}"
EndProject
Project("{FAE04EC0-301F-11D3-BF4B-00C04F79EFBC}") = "Genies.Utilities", "Genies.Utilities.csproj", "{58A7772B-0071-B64D-C4DE-964A34D988D3}"
EndProject
Project("{FAE04EC0-301F-11D3-BF4B-00C04F79EFBC}") = "Genies.UIFramework", "Genies.UIFramework.csproj", "{3844A477-C943-5DF0-6ADA-24880C5EB957}"
EndProject
Project("{FAE04EC0-301F-11D3-BF4B-00C04F79EFBC}") = "Unity.RenderPipelines.Universal.Editor", "Unity.RenderPipelines.Universal.Editor.csproj", "{BD25E6D5-ACB8-249C-E6C1-9B8AA3C3A212}"
EndProject
Project("{FAE04EC0-301F-11D3-BF4B-00C04F79EFBC}") = "Genies.Avatars.Services", "Genies.Avatars.Services.csproj", "{6D21B6BD-CDDC-AFBB-6834-1DDCADB33A04}"
EndProject
Project("{FAE04EC0-301F-11D3-BF4B-00C04F79EFBC}") = "Genies.Assets.Services", "Genies.Assets.Services.csproj", "{AACAD69F-401A-A432-19AE-D0549358C3D7}"
EndProject
Project("{FAE04EC0-301F-11D3-BF4B-00C04F79EFBC}") = "Genies.MegaEditor", "Genies.MegaEditor.csproj", "{00B50152-FE86-52EA-75FE-6AC748208C7C}"
EndProject
Project("{FAE04EC0-301F-11D3-BF4B-00C04F79EFBC}") = "UnityGLTFScripts", "UnityGLTFScripts.csproj", "{F623817C-F4FA-F5B6-6ED0-40E24FDED3AC}"
EndProject
Project("{FAE04EC0-301F-11D3-BF4B-00C04F79EFBC}") = "Genies.Customizer", "Genies.Customizer.csproj", "{3E6BAE83-BA17-6058-40BE-818E5D534EA5}"
EndProject
Project("{FAE04EC0-301F-11D3-BF4B-00C04F79EFBC}") = "Genies.Looks", "Genies.Looks.csproj", "{87AE2454-EEB6-374E-7D76-34D7E78BBBEE}"
EndProject
Project("{FAE04EC0-301F-11D3-BF4B-00C04F79EFBC}") = "Genies.Avatars", "Genies.Avatars.csproj", "{D50A5BC8-36D3-9D7B-E3F1-C20DADF06EF6}"
EndProject
Project("{FAE04EC0-301F-11D3-BF4B-00C04F79EFBC}") = "UMA_Core", "UMA_Core.csproj", "{ABE0D12A-A508-6D72-DD07-1820AA4AA049}"
EndProject
Project("{FAE04EC0-301F-11D3-BF4B-00C04F79EFBC}") = "Genies.Inventory.UIData", "Genies.Inventory.UIData.csproj", "{AF452D90-8B95-EBC1-B000-0FAE5CE68EE7}"
EndProject
Project("{FAE04EC0-301F-11D3-BF4B-00C04F79EFBC}") = "UniTask", "UniTask.csproj", "{AEF464C3-4EDE-1AC9-360E-409238A0C9C7}"
EndProject
Project("{FAE04EC0-301F-11D3-BF4B-00C04F79EFBC}") = "GLTFSerialization", "GLTFSerialization.csproj", "{806C8881-F4CB-6284-9A62-4BD967C4AE01}"
EndProject
Project("{FAE04EC0-301F-11D3-BF4B-00C04F79EFBC}") = "Genies.Avatars.Context", "Genies.Avatars.Context.csproj", "{C982B936-55C6-D4F7-5BF8-9CD087EAF8E4}"
EndProject
Project("{FAE04EC0-301F-11D3-BF4B-00C04F79EFBC}") = "Genies.Login.Native", "Genies.Login.Native.csproj", "{367EE28F-447C-A21B-6206-543630EB5BA5}"
EndProject
Project("{FAE04EC0-301F-11D3-BF4B-00C04F79EFBC}") = "Toolbox", "Toolbox.csproj", "{8D0FAED7-1D6B-615F-C9FC-B5AA0D718558}"
EndProject
Project("{FAE04EC0-301F-11D3-BF4B-00C04F79EFBC}") = "Genies.NafPlugin", "Genies.NafPlugin.csproj", "{61DF77DF-9D96-28E6-C8E9-845BEE90B1BC}"
EndProject
Project("{FAE04EC0-301F-11D3-BF4B-00C04F79EFBC}") = "Genies.ServiceManagement", "Genies.ServiceManagement.csproj", "{4418D1C9-C861-F024-24D9-9BBE2C1B6F9A}"
EndProject
Project("{FAE04EC0-301F-11D3-BF4B-00C04F79EFBC}") = "Genies.Ugc", "Genies.Ugc.csproj", "{F9AD3D78-4CB4-E615-1F17-1A6B15293DC6}"
EndProject
Project("{FAE04EC0-301F-11D3-BF4B-00C04F79EFBC}") = "Genies.Sdk.Avatar.Editor", "Genies.Sdk.Avatar.Editor.csproj", "{C0B60C9B-668A-9A7C-781D-9A33517C2BBD}"
EndProject
Project("{FAE04EC0-301F-11D3-BF4B-00C04F79EFBC}") = "Genies.Wearables", "Genies.Wearables.csproj", "{B129DB2F-747E-C407-63ED-7D1E4605FE8D}"
EndProject
Project("{FAE04EC0-301F-11D3-BF4B-00C04F79EFBC}") = "Genies.Inventory", "Genies.Inventory.csproj", "{A6EC4965-BA31-5CED-C204-772422BFDFD8}"
EndProject
Project("{FAE04EC0-301F-11D3-BF4B-00C04F79EFBC}") = "Genies.Login", "Genies.Login.csproj", "{F2791458-0FBB-05E9-57E2-4724DD1CF48F}"
EndProject
Project("{FAE04EC0-301F-11D3-BF4B-00C04F79EFBC}") = "Genies.Sdk.Core", "Genies.Sdk.Core.csproj", "{51D53F24-BC17-8C79-B7D8-6418388B24E6}"
EndProject
Project("{FAE04EC0-301F-11D3-BF4B-00C04F79EFBC}") = "Genies.Components.DataModels", "Genies.Components.DataModels.csproj", "{8042C2BD-5D87-E9C5-453D-01DC67FF6E44}"
EndProject
Project("{FAE04EC0-301F-11D3-BF4B-00C04F79EFBC}") = "UniTask.Linq", "UniTask.Linq.csproj", "{9F12FAA1-F190-F9C5-3EC5-52A3F10B3E1B}"
EndProject
Project("{FAE04EC0-301F-11D3-BF4B-00C04F79EFBC}") = "Genies.CrashReporting", "Genies.CrashReporting.csproj", "{8020C914-FC6B-44CD-C02E-B6857461CD69}"
EndProject
Project("{FAE04EC0-301F-11D3-BF4B-00C04F79EFBC}") = "Genies.Animations", "Genies.Animations.csproj", "{93E51918-CDD4-B210-2239-FE7B533FDADC}"
EndProject
Project("{FAE04EC0-301F-11D3-BF4B-00C04F79EFBC}") = "Genies.Avatars.Behaviors", "Genies.Avatars.Behaviors.csproj", "{47FF3644-47B8-5101-F6A4-5482632D5ECF}"
EndProject
Project("{FAE04EC0-301F-11D3-BF4B-00C04F79EFBC}") = "Genies.Addressables", "Genies.Addressables.csproj", "{F43446CF-8910-CEF5-88AE-52CB4F8F60D1}"
EndProject
Project("{FAE04EC0-301F-11D3-BF4B-00C04F79EFBC}") = "Genies.Components.ShaderlessTools", "Genies.Components.ShaderlessTools.csproj", "{5E723EBF-C4E8-2660-F709-52CE0EFF3B68}"
EndProject
Project("{FAE04EC0-301F-11D3-BF4B-00C04F79EFBC}") = "Genies.Sdk.Avatar", "Genies.Sdk.Avatar.csproj", "{CFD1295B-FCC6-51CC-B188-7B4CAD607573}"
EndProject
Project("{FAE04EC0-301F-11D3-BF4B-00C04F79EFBC}") = "Genies.AssetLocations", "Genies.AssetLocations.csproj", "{10819686-A4C4-E31C-969A-70EC360221D0}"
EndProject
Project("{FAE04EC0-301F-11D3-BF4B-00C04F79EFBC}") = "Genies.CreatorTools.utils", "Genies.CreatorTools.utils.csproj", "{45CB9B9D-A09F-6150-FF60-101068E38334}"
EndProject
Project("{FAE04EC0-301F-11D3-BF4B-00C04F79EFBC}") = "Genies.Avatars.Sdk", "Genies.Avatars.Sdk.csproj", "{B8E74801-D41F-430F-B889-4FB2B2554C18}"
EndProject
Project("{FAE04EC0-301F-11D3-BF4B-00C04F79EFBC}") = "UnityEditor.UI", "UnityEditor.UI.csproj", "{DE7038B0-D591-5F23-EA79-DDFA3DC68171}"
EndProject
Project("{FAE04EC0-301F-11D3-BF4B-00C04F79EFBC}") = "Unity.VContainer.CodeGen", "Unity.VContainer.CodeGen.csproj", "{CA7CB24A-9F74-5273-D3A7-186B1473CAA2}"
EndProject
Project("{FAE04EC0-301F-11D3-BF4B-00C04F79EFBC}") = "Genies.Sdk.Avatar.Telemetry.Editor", "Genies.Sdk.Avatar.Telemetry.Editor.csproj", "{5D3BDA6F-14A6-FB1A-1B83-CD41725BEF13}"
EndProject
Project("{FAE04EC0-301F-11D3-BF4B-00C04F79EFBC}") = "Genies.ABTesting", "Genies.ABTesting.csproj", "{E68DE711-647F-F326-9DD5-68DEC40433DC}"
EndProject
Project("{FAE04EC0-301F-11D3-BF4B-00C04F79EFBC}") = "XNodeEditor", "XNodeEditor.csproj", "{242F8558-8E94-DC33-0F94-EB51B96C6198}"
EndProject
Project("{FAE04EC0-301F-11D3-BF4B-00C04F79EFBC}") = "Newtonsoft.Json.UnityConverters.Mathematics", "Newtonsoft.Json.UnityConverters.Mathematics.csproj", "{EF93F0FE-9507-420F-2C1F-7B08648C5908}"
EndProject
Project("{FAE04EC0-301F-11D3-BF4B-00C04F79EFBC}") = "UMI.Runtime", "UMI.Runtime.csproj", "{08462B29-2F62-47A5-892A-12F7311B0216}"
EndProject
Project("{FAE04EC0-301F-11D3-BF4B-00C04F79EFBC}") = "Genies.Naf", "Genies.Naf.csproj", "{30325F94-4230-7628-4D70-C15C9EDAE5DB}"
EndProject
Project("{FAE04EC0-301F-11D3-BF4B-00C04F79EFBC}") = "Genies.Naf.Addressables", "Genies.Naf.Addressables.csproj", "{4F45611F-F161-4277-B5AE-4D945A249881}"
EndProject
Project("{FAE04EC0-301F-11D3-BF4B-00C04F79EFBC}") = "UnityGLTF.Plugins.Experimental", "UnityGLTF.Plugins.Experimental.csproj", "{1173A5FB-5A23-8CEA-6E34-0AE76B79C576}"
EndProject
Project("{FAE04EC0-301F-11D3-BF4B-00C04F79EFBC}") = "Genies.AvatarEditor", "Genies.AvatarEditor.csproj", "{53472B35-661F-B5AB-D7EB-DC8D1087C6C7}"
EndProject
Project("{FAE04EC0-301F-11D3-BF4B-00C04F79EFBC}") = "VContainer.Editor", "VContainer.Editor.csproj", "{92400DE9-4701-B73C-9C70-C22833AB59AA}"
EndProject
Project("{FAE04EC0-301F-11D3-BF4B-00C04F79EFBC}") = "XNode", "XNode.csproj", "{3A8E6396-F6D5-940B-8EFC-D8F6EFB2EFB8}"
EndProject
Project("{FAE04EC0-301F-11D3-BF4B-00C04F79EFBC}") = "Genies.Naf.Content", "Genies.Naf.Content.csproj", "{19503C2C-6E9E-9ED6-9D11-D805E3A8861D}"
EndProject
Project("{FAE04EC0-301F-11D3-BF4B-00C04F79EFBC}") = "Genies.Closet", "Genies.Closet.csproj", "{31996B3B-7A5C-6A05-B8D2-CBE26CB1DB34}"
EndProject
Project("{FAE04EC0-301F-11D3-BF4B-00C04F79EFBC}") = "Genies.Avatars.Sdk.Editor", "Genies.Avatars.Sdk.Editor.csproj", "{72423A81-1B9E-1FF2-5242-3B9435BBAB70}"
EndProject
Project("{FAE04EC0-301F-11D3-BF4B-00C04F79EFBC}") = "UnityGLTFEditor", "UnityGLTFEditor.csproj", "{5A24572E-C221-3EB2-BE02-13F94455EFEB}"
EndProject
Project("{FAE04EC0-301F-11D3-BF4B-00C04F79EFBC}") = "Genies.Sdk.Bootstrap.Editor", "Genies.Sdk.Bootstrap.Editor.csproj", "{26532244-6C0F-9522-BBF6-675245578E78}"
EndProject
Project("{FAE04EC0-301F-11D3-BF4B-00C04F79EFBC}") = "UnityGltf.RenderPipelines", "UnityGltf.RenderPipelines.csproj", "{BBF35F06-22DF-C543-3EA8-C8B1E854866E}"
EndProject
Project("{FAE04EC0-301F-11D3-BF4B-00C04F79EFBC}") = "Genies.PerformanceMonitoring", "Genies.PerformanceMonitoring.csproj", "{819B5F5A-CDBF-90E6-3BE3-F361569460C2}"
EndProject
Project("{FAE04EC0-301F-11D3-BF4B-00C04F79EFBC}") = "Assembly-CSharp-Editor", "Assembly-CSharp-Editor.csproj", "{2513AE59-1481-F94D-6117-3F8994541D21}"
EndProject
Project("{FAE04EC0-301F-11D3-BF4B-00C04F79EFBC}") = "Genies.Components.ShaderlessTools.Editor", "Genies.Components.ShaderlessTools.Editor.csproj", "{8A1E9563-D37D-4228-38C2-8085C0C8FA50}"
EndProject
Project("{FAE04EC0-301F-11D3-BF4B-00C04F79EFBC}") = "Genies.DataRepositoryFramework", "Genies.DataRepositoryFramework.csproj", "{9860690F-01DB-70D6-5E6C-F49AB2D8D671}"
EndProject
Project("{FAE04EC0-301F-11D3-BF4B-00C04F79EFBC}") = "Genies.Customizer.Editor", "Genies.Customizer.Editor.csproj", "{34FA0038-D90C-BDC8-7C5A-970A24832B05}"
EndProject
Project("{FAE04EC0-301F-11D3-BF4B-00C04F79EFBC}") = "UnityGLTF.ShaderGraph", "UnityGLTF.ShaderGraph.csproj", "{BA619C82-2C11-29E3-8139-06D83140485B}"
EndProject
Project("{FAE04EC0-301F-11D3-BF4B-00C04F79EFBC}") = "Genies.Events", "Genies.Events.csproj", "{502C1A12-7B9D-EAD9-6993-2307E945BFEB}"
EndProject
Project("{FAE04EC0-301F-11D3-BF4B-00C04F79EFBC}") = "Genies.Sdk.Core.Editor", "Genies.Sdk.Core.Editor.csproj", "{862B1624-4E4A-7CC3-036A-8B41214D57C1}"
EndProject
Project("{FAE04EC0-301F-11D3-BF4B-00C04F79EFBC}") = "Genies.Telemetry.Editor", "Genies.Telemetry.Editor.csproj", "{3167D99F-BC05-E529-0AC8-E497121C6C5C}"
EndProject
Project("{FAE04EC0-301F-11D3-BF4B-00C04F79EFBC}") = "Genies.Refs", "Genies.Refs.csproj", "{027E52A0-E4D4-C921-87E0-C95029425B4B}"
EndProject
Project("{FAE04EC0-301F-11D3-BF4B-00C04F79EFBC}") = "Genies.Login.Native.Editor", "Genies.Login.Native.Editor.csproj", "{AB8394DC-6A48-1DBA-9DB1-6101BD21906C}"
EndProject
Project("{FAE04EC0-301F-11D3-BF4B-00C04F79EFBC}") = "Genies.FeatureFlags", "Genies.FeatureFlags.csproj", "{3C25FB2C-37DC-F49A-F583-4A81192AEFA6}"
EndProject
Project("{FAE04EC0-301F-11D3-BF4B-00C04F79EFBC}") = "Genies.Addressables.Editor", "Genies.Addressables.Editor.csproj", "{7C5757A3-8E02-80D1-751B-E50E46FF84C3}"
EndProject
Project("{FAE04EC0-301F-11D3-BF4B-00C04F79EFBC}") = "Genies.Dynamics.Editor", "Genies.Dynamics.Editor.csproj", "{4709A5BD-5CA6-F332-BF27-73B8885C4D1E}"
EndProject
Project("{FAE04EC0-301F-11D3-BF4B-00C04F79EFBC}") = "Genies.Naf.Editor", "Genies.Naf.Editor.csproj", "{655BB163-7AAD-5AFC-AC1B-ECABEBC0E6FB}"
EndProject
Project("{FAE04EC0-301F-11D3-BF4B-00C04F79EFBC}") = "Genies.Shaders", "Genies.Shaders.csproj", "{3A69D35E-5FCF-E113-FADE-BF8487795FF0}"
EndProject
Project("{FAE04EC0-301F-11D3-BF4B-00C04F79EFBC}") = "Genies.Dynamics", "Genies.Dynamics.csproj", "{EF4475F8-E580-8734-0BB5-6B025087988D}"
EndProject
Project("{FAE04EC0-301F-11D3-BF4B-00C04F79EFBC}") = "Genies.Utilities.Editor", "Genies.Utilities.Editor.csproj", "{ECBBD744-B45C-7D3D-C82A-4332EAA5A5A2}"
EndProject
Project("{FAE04EC0-301F-11D3-BF4B-00C04F79EFBC}") = "Genies.Services.DynamicConfigs", "Genies.Services.DynamicConfigs.csproj", "{92EB4A59-17F2-DBB4-4F2C-B109552AECEB}"
EndProject
Project("{FAE04EC0-301F-11D3-BF4B-00C04F79EFBC}") = "Genies.Analytics", "Genies.Analytics.csproj", "{A4DEFA0A-5AF1-B5EE-3E08-D046011BA4E2}"
EndProject
Project("{FAE04EC0-301F-11D3-BF4B-00C04F79EFBC}") = "Genies.CameraSystem", "Genies.CameraSystem.csproj", "{1FC3A706-9CE2-48DE-E3F9-9FC7760421DF}"
EndProject
Project("{FAE04EC0-301F-11D3-BF4B-00C04F79EFBC}") = "Genies.DiskCaching", "Genies.DiskCaching.csproj", "{9FCEF949-E14E-2485-780D-F7217BDDABF1}"
EndProject
Project("{FAE04EC0-301F-11D3-BF4B-00C04F79EFBC}") = "Newtonsoft.Json.UnityConverters.Addressables", "Newtonsoft.Json.UnityConverters.Addressables.csproj", "{0E43612F-9019-0033-9A0E-ACF8E94F9E9D}"
EndProject
Project("{FAE04EC0-301F-11D3-BF4B-00C04F79EFBC}") = "Genies.S3Service", "Genies.S3Service.csproj", "{0771AE2C-5258-EB7D-37E0-14DAC71D2A4B}"
EndProject
Project("{FAE04EC0-301F-11D3-BF4B-00C04F79EFBC}") = "Genies.ServiceManagement.Editor", "Genies.ServiceManagement.Editor.csproj", "{CEDF107E-30EF-8AF0-B068-69E327E49BFB}"
EndProject
Project("{FAE04EC0-301F-11D3-BF4B-00C04F79EFBC}") = "Genies.Sdk.Avatar.Telemetry", "Genies.Sdk.Avatar.Telemetry.csproj", "{5BDAAE9F-2B6D-E36D-70F8-CD8663733A88}"
EndProject
Project("{FAE04EC0-301F-11D3-BF4B-00C04F79EFBC}") = "Newtonsoft.Json.UnityConverters.Editor", "Newtonsoft.Json.UnityConverters.Editor.csproj", "{6FD84F95-47FC-310C-ECCA-B474E98A2B75}"
EndProject
Project("{FAE04EC0-301F-11D3-BF4B-00C04F79EFBC}") = "Genies.ApiResolver", "Genies.ApiResolver.csproj", "{5CEDA5F1-39FC-087D-CA50-AF98E489A06C}"
EndProject
Project("{FAE04EC0-301F-11D3-BF4B-00C04F79EFBC}") = "Genies.Components.Shaders.Editor", "Genies.Components.Shaders.Editor.csproj", "{6EC7DF46-9121-5078-FC47-88C36600B9C2}"
EndProject
Project("{FAE04EC0-301F-11D3-BF4B-00C04F79EFBC}") = "UnityGLTF.Helpers", "UnityGLTF.Helpers.csproj", "{7A8226F2-0ABF-02AF-3303-20E338B8AA87}"
EndProject
Project("{FAE04EC0-301F-11D3-BF4B-00C04F79EFBC}") = "Genies.NafPlugin.Editor", "Genies.NafPlugin.Editor.csproj", "{7149B123-3B5F-9D62-957B-060C35E9AAEF}"
EndProject
Project("{FAE04EC0-301F-11D3-BF4B-00C04F79EFBC}") = "UniTask.Addressables", "UniTask.Addressables.csproj", "{E4AD85FE-BF9C-5DA7-63DC-6005B857435F}"
EndProject
Project("{FAE04EC0-301F-11D3-BF4B-00C04F79EFBC}") = "UMI.Editor", "UMI.Editor.csproj", "{317134BD-3E6E-98EB-B187-51AE502810F1}"
EndProject
Project("{FAE04EC0-301F-11D3-BF4B-00C04F79EFBC}") = "Genies.Telemetry", "Genies.Telemetry.csproj", "{27C9351A-7136-93D4-6197-36D30CC3A725}"
EndProject
Project("{FAE04EC0-301F-11D3-BF4B-00C04F79EFBC}") = "Assembly-CSharp", "Assembly-CSharp.csproj", "{226CDB5B-1888-060E-52F6-833B42C983C8}"
EndProject
Project("{FAE04EC0-301F-11D3-BF4B-00C04F79EFBC}") = "Genies.CloudSave", "Genies.CloudSave.csproj", "{736DA652-DE1F-5A60-14E9-6DBB59246E7F}"
EndProject
Project("{FAE04EC0-301F-11D3-BF4B-00C04F79EFBC}") = "UniTask.Editor", "UniTask.Editor.csproj", "{113D028A-E40B-8A75-D3E7-C3C6ACF59DFD}"
EndProject
Project("{FAE04EC0-301F-11D3-BF4B-00C04F79EFBC}") = "UniTask.DOTween", "UniTask.DOTween.csproj", "{320F9F27-4B3E-B87A-8CFF-87309FE5EE45}"
EndProject
Project("{FAE04EC0-301F-11D3-BF4B-00C04F79EFBC}") = "Genies.Inventory.UIData.Editor", "Genies.Inventory.UIData.Editor.csproj", "{A3A02713-BFBE-E31A-8267-29CF6A6B9DCB}"
EndProject
Project("{FAE04EC0-301F-11D3-BF4B-00C04F79EFBC}") = "UniTask.TextMeshPro", "UniTask.TextMeshPro.csproj", "{3E23599D-33E5-879C-EF6F-3E5EBA7641FC}"
EndProject
Project("{FAE04EC0-301F-11D3-BF4B-00C04F79EFBC}") = "VContainer.EnableCodeGen", "VContainer.EnableCodeGen.csproj", "{DD7574DD-FBFA-EAA5-108E-28036E74A5E8}"
EndProject
Global
	GlobalSection(SolutionConfigurationPlatforms) = preSolution
		Debug|Any CPU = Debug|Any CPU
		Release|Any CPU = Release|Any CPU
	EndGlobalSection
	GlobalSection(ProjectConfigurationPlatforms) = postSolution
		{76FE6450-8B91-27EC-07C0-80373701A94D}.Debug|Any CPU.ActiveCfg = Debug|Any CPU
		{76FE6450-8B91-27EC-07C0-80373701A94D}.Debug|Any CPU.Build.0 = Debug|Any CPU
		{76FE6450-8B91-27EC-07C0-80373701A94D}.Release|Any CPU.ActiveCfg = Release|Any CPU
		{76FE6450-8B91-27EC-07C0-80373701A94D}.Release|Any CPU.Build.0 = Release|Any CPU
		{0CDDDAD6-141A-F965-1F00-A5A052C5B5BF}.Debug|Any CPU.ActiveCfg = Debug|Any CPU
		{0CDDDAD6-141A-F965-1F00-A5A052C5B5BF}.Debug|Any CPU.Build.0 = Debug|Any CPU
		{0CDDDAD6-141A-F965-1F00-A5A052C5B5BF}.Release|Any CPU.ActiveCfg = Release|Any CPU
		{0CDDDAD6-141A-F965-1F00-A5A052C5B5BF}.Release|Any CPU.Build.0 = Release|Any CPU
		{8DD8770F-0C94-44B8-B690-8AC95325E1E7}.Debug|Any CPU.ActiveCfg = Debug|Any CPU
		{8DD8770F-0C94-44B8-B690-8AC95325E1E7}.Debug|Any CPU.Build.0 = Debug|Any CPU
		{8DD8770F-0C94-44B8-B690-8AC95325E1E7}.Release|Any CPU.ActiveCfg = Release|Any CPU
		{8DD8770F-0C94-44B8-B690-8AC95325E1E7}.Release|Any CPU.Build.0 = Release|Any CPU
		{3A99B00D-1360-8EBE-03F4-49BE8CB2A984}.Debug|Any CPU.ActiveCfg = Debug|Any CPU
		{3A99B00D-1360-8EBE-03F4-49BE8CB2A984}.Debug|Any CPU.Build.0 = Debug|Any CPU
		{3A99B00D-1360-8EBE-03F4-49BE8CB2A984}.Release|Any CPU.ActiveCfg = Release|Any CPU
		{3A99B00D-1360-8EBE-03F4-49BE8CB2A984}.Release|Any CPU.Build.0 = Release|Any CPU
		{17DE94C7-BA32-ED3F-8A02-A9190B30D837}.Debug|Any CPU.ActiveCfg = Debug|Any CPU
		{17DE94C7-BA32-ED3F-8A02-A9190B30D837}.Debug|Any CPU.Build.0 = Debug|Any CPU
		{17DE94C7-BA32-ED3F-8A02-A9190B30D837}.Release|Any CPU.ActiveCfg = Release|Any CPU
		{17DE94C7-BA32-ED3F-8A02-A9190B30D837}.Release|Any CPU.Build.0 = Release|Any CPU
		{58A7772B-0071-B64D-C4DE-964A34D988D3}.Debug|Any CPU.ActiveCfg = Debug|Any CPU
		{58A7772B-0071-B64D-C4DE-964A34D988D3}.Debug|Any CPU.Build.0 = Debug|Any CPU
		{58A7772B-0071-B64D-C4DE-964A34D988D3}.Release|Any CPU.ActiveCfg = Release|Any CPU
		{58A7772B-0071-B64D-C4DE-964A34D988D3}.Release|Any CPU.Build.0 = Release|Any CPU
		{3844A477-C943-5DF0-6ADA-24880C5EB957}.Debug|Any CPU.ActiveCfg = Debug|Any CPU
		{3844A477-C943-5DF0-6ADA-24880C5EB957}.Debug|Any CPU.Build.0 = Debug|Any CPU
		{3844A477-C943-5DF0-6ADA-24880C5EB957}.Release|Any CPU.ActiveCfg = Release|Any CPU
		{3844A477-C943-5DF0-6ADA-24880C5EB957}.Release|Any CPU.Build.0 = Release|Any CPU
		{BD25E6D5-ACB8-249C-E6C1-9B8AA3C3A212}.Debug|Any CPU.ActiveCfg = Debug|Any CPU
		{BD25E6D5-ACB8-249C-E6C1-9B8AA3C3A212}.Debug|Any CPU.Build.0 = Debug|Any CPU
		{BD25E6D5-ACB8-249C-E6C1-9B8AA3C3A212}.Release|Any CPU.ActiveCfg = Release|Any CPU
		{BD25E6D5-ACB8-249C-E6C1-9B8AA3C3A212}.Release|Any CPU.Build.0 = Release|Any CPU
		{6D21B6BD-CDDC-AFBB-6834-1DDCADB33A04}.Debug|Any CPU.ActiveCfg = Debug|Any CPU
		{6D21B6BD-CDDC-AFBB-6834-1DDCADB33A04}.Debug|Any CPU.Build.0 = Debug|Any CPU
		{6D21B6BD-CDDC-AFBB-6834-1DDCADB33A04}.Release|Any CPU.ActiveCfg = Release|Any CPU
		{6D21B6BD-CDDC-AFBB-6834-1DDCADB33A04}.Release|Any CPU.Build.0 = Release|Any CPU
		{AACAD69F-401A-A432-19AE-D0549358C3D7}.Debug|Any CPU.ActiveCfg = Debug|Any CPU
		{AACAD69F-401A-A432-19AE-D0549358C3D7}.Debug|Any CPU.Build.0 = Debug|Any CPU
		{AACAD69F-401A-A432-19AE-D0549358C3D7}.Release|Any CPU.ActiveCfg = Release|Any CPU
		{AACAD69F-401A-A432-19AE-D0549358C3D7}.Release|Any CPU.Build.0 = Release|Any CPU
		{00B50152-FE86-52EA-75FE-6AC748208C7C}.Debug|Any CPU.ActiveCfg = Debug|Any CPU
		{00B50152-FE86-52EA-75FE-6AC748208C7C}.Debug|Any CPU.Build.0 = Debug|Any CPU
		{00B50152-FE86-52EA-75FE-6AC748208C7C}.Release|Any CPU.ActiveCfg = Release|Any CPU
		{00B50152-FE86-52EA-75FE-6AC748208C7C}.Release|Any CPU.Build.0 = Release|Any CPU
		{F623817C-F4FA-F5B6-6ED0-40E24FDED3AC}.Debug|Any CPU.ActiveCfg = Debug|Any CPU
		{F623817C-F4FA-F5B6-6ED0-40E24FDED3AC}.Debug|Any CPU.Build.0 = Debug|Any CPU
		{F623817C-F4FA-F5B6-6ED0-40E24FDED3AC}.Release|Any CPU.ActiveCfg = Release|Any CPU
		{F623817C-F4FA-F5B6-6ED0-40E24FDED3AC}.Release|Any CPU.Build.0 = Release|Any CPU
		{3E6BAE83-BA17-6058-40BE-818E5D534EA5}.Debug|Any CPU.ActiveCfg = Debug|Any CPU
		{3E6BAE83-BA17-6058-40BE-818E5D534EA5}.Debug|Any CPU.Build.0 = Debug|Any CPU
		{3E6BAE83-BA17-6058-40BE-818E5D534EA5}.Release|Any CPU.ActiveCfg = Release|Any CPU
		{3E6BAE83-BA17-6058-40BE-818E5D534EA5}.Release|Any CPU.Build.0 = Release|Any CPU
		{87AE2454-EEB6-374E-7D76-34D7E78BBBEE}.Debug|Any CPU.ActiveCfg = Debug|Any CPU
		{87AE2454-EEB6-374E-7D76-34D7E78BBBEE}.Debug|Any CPU.Build.0 = Debug|Any CPU
		{87AE2454-EEB6-374E-7D76-34D7E78BBBEE}.Release|Any CPU.ActiveCfg = Release|Any CPU
		{87AE2454-EEB6-374E-7D76-34D7E78BBBEE}.Release|Any CPU.Build.0 = Release|Any CPU
		{D50A5BC8-36D3-9D7B-E3F1-C20DADF06EF6}.Debug|Any CPU.ActiveCfg = Debug|Any CPU
		{D50A5BC8-36D3-9D7B-E3F1-C20DADF06EF6}.Debug|Any CPU.Build.0 = Debug|Any CPU
		{D50A5BC8-36D3-9D7B-E3F1-C20DADF06EF6}.Release|Any CPU.ActiveCfg = Release|Any CPU
		{D50A5BC8-36D3-9D7B-E3F1-C20DADF06EF6}.Release|Any CPU.Build.0 = Release|Any CPU
		{ABE0D12A-A508-6D72-DD07-1820AA4AA049}.Debug|Any CPU.ActiveCfg = Debug|Any CPU
		{ABE0D12A-A508-6D72-DD07-1820AA4AA049}.Debug|Any CPU.Build.0 = Debug|Any CPU
		{ABE0D12A-A508-6D72-DD07-1820AA4AA049}.Release|Any CPU.ActiveCfg = Release|Any CPU
		{ABE0D12A-A508-6D72-DD07-1820AA4AA049}.Release|Any CPU.Build.0 = Release|Any CPU
		{AF452D90-8B95-EBC1-B000-0FAE5CE68EE7}.Debug|Any CPU.ActiveCfg = Debug|Any CPU
		{AF452D90-8B95-EBC1-B000-0FAE5CE68EE7}.Debug|Any CPU.Build.0 = Debug|Any CPU
		{AF452D90-8B95-EBC1-B000-0FAE5CE68EE7}.Release|Any CPU.ActiveCfg = Release|Any CPU
		{AF452D90-8B95-EBC1-B000-0FAE5CE68EE7}.Release|Any CPU.Build.0 = Release|Any CPU
		{AEF464C3-4EDE-1AC9-360E-409238A0C9C7}.Debug|Any CPU.ActiveCfg = Debug|Any CPU
		{AEF464C3-4EDE-1AC9-360E-409238A0C9C7}.Debug|Any CPU.Build.0 = Debug|Any CPU
		{AEF464C3-4EDE-1AC9-360E-409238A0C9C7}.Release|Any CPU.ActiveCfg = Release|Any CPU
		{AEF464C3-4EDE-1AC9-360E-409238A0C9C7}.Release|Any CPU.Build.0 = Release|Any CPU
		{806C8881-F4CB-6284-9A62-4BD967C4AE01}.Debug|Any CPU.ActiveCfg = Debug|Any CPU
		{806C8881-F4CB-6284-9A62-4BD967C4AE01}.Debug|Any CPU.Build.0 = Debug|Any CPU
		{806C8881-F4CB-6284-9A62-4BD967C4AE01}.Release|Any CPU.ActiveCfg = Release|Any CPU
		{806C8881-F4CB-6284-9A62-4BD967C4AE01}.Release|Any CPU.Build.0 = Release|Any CPU
		{C982B936-55C6-D4F7-5BF8-9CD087EAF8E4}.Debug|Any CPU.ActiveCfg = Debug|Any CPU
		{C982B936-55C6-D4F7-5BF8-9CD087EAF8E4}.Debug|Any CPU.Build.0 = Debug|Any CPU
		{C982B936-55C6-D4F7-5BF8-9CD087EAF8E4}.Release|Any CPU.ActiveCfg = Release|Any CPU
		{C982B936-55C6-D4F7-5BF8-9CD087EAF8E4}.Release|Any CPU.Build.0 = Release|Any CPU
		{367EE28F-447C-A21B-6206-543630EB5BA5}.Debug|Any CPU.ActiveCfg = Debug|Any CPU
		{367EE28F-447C-A21B-6206-543630EB5BA5}.Debug|Any CPU.Build.0 = Debug|Any CPU
		{367EE28F-447C-A21B-6206-543630EB5BA5}.Release|Any CPU.ActiveCfg = Release|Any CPU
		{367EE28F-447C-A21B-6206-543630EB5BA5}.Release|Any CPU.Build.0 = Release|Any CPU
		{8D0FAED7-1D6B-615F-C9FC-B5AA0D718558}.Debug|Any CPU.ActiveCfg = Debug|Any CPU
		{8D0FAED7-1D6B-615F-C9FC-B5AA0D718558}.Debug|Any CPU.Build.0 = Debug|Any CPU
		{8D0FAED7-1D6B-615F-C9FC-B5AA0D718558}.Release|Any CPU.ActiveCfg = Release|Any CPU
		{8D0FAED7-1D6B-615F-C9FC-B5AA0D718558}.Release|Any CPU.Build.0 = Release|Any CPU
		{61DF77DF-9D96-28E6-C8E9-845BEE90B1BC}.Debug|Any CPU.ActiveCfg = Debug|Any CPU
		{61DF77DF-9D96-28E6-C8E9-845BEE90B1BC}.Debug|Any CPU.Build.0 = Debug|Any CPU
		{61DF77DF-9D96-28E6-C8E9-845BEE90B1BC}.Release|Any CPU.ActiveCfg = Release|Any CPU
		{61DF77DF-9D96-28E6-C8E9-845BEE90B1BC}.Release|Any CPU.Build.0 = Release|Any CPU
		{4418D1C9-C861-F024-24D9-9BBE2C1B6F9A}.Debug|Any CPU.ActiveCfg = Debug|Any CPU
		{4418D1C9-C861-F024-24D9-9BBE2C1B6F9A}.Debug|Any CPU.Build.0 = Debug|Any CPU
		{4418D1C9-C861-F024-24D9-9BBE2C1B6F9A}.Release|Any CPU.ActiveCfg = Release|Any CPU
		{4418D1C9-C861-F024-24D9-9BBE2C1B6F9A}.Release|Any CPU.Build.0 = Release|Any CPU
		{F9AD3D78-4CB4-E615-1F17-1A6B15293DC6}.Debug|Any CPU.ActiveCfg = Debug|Any CPU
		{F9AD3D78-4CB4-E615-1F17-1A6B15293DC6}.Debug|Any CPU.Build.0 = Debug|Any CPU
		{F9AD3D78-4CB4-E615-1F17-1A6B15293DC6}.Release|Any CPU.ActiveCfg = Release|Any CPU
		{F9AD3D78-4CB4-E615-1F17-1A6B15293DC6}.Release|Any CPU.Build.0 = Release|Any CPU
		{C0B60C9B-668A-9A7C-781D-9A33517C2BBD}.Debug|Any CPU.ActiveCfg = Debug|Any CPU
		{C0B60C9B-668A-9A7C-781D-9A33517C2BBD}.Debug|Any CPU.Build.0 = Debug|Any CPU
		{C0B60C9B-668A-9A7C-781D-9A33517C2BBD}.Release|Any CPU.ActiveCfg = Release|Any CPU
		{C0B60C9B-668A-9A7C-781D-9A33517C2BBD}.Release|Any CPU.Build.0 = Release|Any CPU
		{B129DB2F-747E-C407-63ED-7D1E4605FE8D}.Debug|Any CPU.ActiveCfg = Debug|Any CPU
		{B129DB2F-747E-C407-63ED-7D1E4605FE8D}.Debug|Any CPU.Build.0 = Debug|Any CPU
		{B129DB2F-747E-C407-63ED-7D1E4605FE8D}.Release|Any CPU.ActiveCfg = Release|Any CPU
		{B129DB2F-747E-C407-63ED-7D1E4605FE8D}.Release|Any CPU.Build.0 = Release|Any CPU
		{A6EC4965-BA31-5CED-C204-772422BFDFD8}.Debug|Any CPU.ActiveCfg = Debug|Any CPU
		{A6EC4965-BA31-5CED-C204-772422BFDFD8}.Debug|Any CPU.Build.0 = Debug|Any CPU
		{A6EC4965-BA31-5CED-C204-772422BFDFD8}.Release|Any CPU.ActiveCfg = Release|Any CPU
		{A6EC4965-BA31-5CED-C204-772422BFDFD8}.Release|Any CPU.Build.0 = Release|Any CPU
		{F2791458-0FBB-05E9-57E2-4724DD1CF48F}.Debug|Any CPU.ActiveCfg = Debug|Any CPU
		{F2791458-0FBB-05E9-57E2-4724DD1CF48F}.Debug|Any CPU.Build.0 = Debug|Any CPU
		{F2791458-0FBB-05E9-57E2-4724DD1CF48F}.Release|Any CPU.ActiveCfg = Release|Any CPU
		{F2791458-0FBB-05E9-57E2-4724DD1CF48F}.Release|Any CPU.Build.0 = Release|Any CPU
		{51D53F24-BC17-8C79-B7D8-6418388B24E6}.Debug|Any CPU.ActiveCfg = Debug|Any CPU
		{51D53F24-BC17-8C79-B7D8-6418388B24E6}.Debug|Any CPU.Build.0 = Debug|Any CPU
		{51D53F24-BC17-8C79-B7D8-6418388B24E6}.Release|Any CPU.ActiveCfg = Release|Any CPU
		{51D53F24-BC17-8C79-B7D8-6418388B24E6}.Release|Any CPU.Build.0 = Release|Any CPU
		{8042C2BD-5D87-E9C5-453D-01DC67FF6E44}.Debug|Any CPU.ActiveCfg = Debug|Any CPU
		{8042C2BD-5D87-E9C5-453D-01DC67FF6E44}.Debug|Any CPU.Build.0 = Debug|Any CPU
		{8042C2BD-5D87-E9C5-453D-01DC67FF6E44}.Release|Any CPU.ActiveCfg = Release|Any CPU
		{8042C2BD-5D87-E9C5-453D-01DC67FF6E44}.Release|Any CPU.Build.0 = Release|Any CPU
		{9F12FAA1-F190-F9C5-3EC5-52A3F10B3E1B}.Debug|Any CPU.ActiveCfg = Debug|Any CPU
		{9F12FAA1-F190-F9C5-3EC5-52A3F10B3E1B}.Debug|Any CPU.Build.0 = Debug|Any CPU
		{9F12FAA1-F190-F9C5-3EC5-52A3F10B3E1B}.Release|Any CPU.ActiveCfg = Release|Any CPU
		{9F12FAA1-F190-F9C5-3EC5-52A3F10B3E1B}.Release|Any CPU.Build.0 = Release|Any CPU
		{8020C914-FC6B-44CD-C02E-B6857461CD69}.Debug|Any CPU.ActiveCfg = Debug|Any CPU
		{8020C914-FC6B-44CD-C02E-B6857461CD69}.Debug|Any CPU.Build.0 = Debug|Any CPU
		{8020C914-FC6B-44CD-C02E-B6857461CD69}.Release|Any CPU.ActiveCfg = Release|Any CPU
		{8020C914-FC6B-44CD-C02E-B6857461CD69}.Release|Any CPU.Build.0 = Release|Any CPU
		{93E51918-CDD4-B210-2239-FE7B533FDADC}.Debug|Any CPU.ActiveCfg = Debug|Any CPU
		{93E51918-CDD4-B210-2239-FE7B533FDADC}.Debug|Any CPU.Build.0 = Debug|Any CPU
		{93E51918-CDD4-B210-2239-FE7B533FDADC}.Release|Any CPU.ActiveCfg = Release|Any CPU
		{93E51918-CDD4-B210-2239-FE7B533FDADC}.Release|Any CPU.Build.0 = Release|Any CPU
		{47FF3644-47B8-5101-F6A4-5482632D5ECF}.Debug|Any CPU.ActiveCfg = Debug|Any CPU
		{47FF3644-47B8-5101-F6A4-5482632D5ECF}.Debug|Any CPU.Build.0 = Debug|Any CPU
		{47FF3644-47B8-5101-F6A4-5482632D5ECF}.Release|Any CPU.ActiveCfg = Release|Any CPU
		{47FF3644-47B8-5101-F6A4-5482632D5ECF}.Release|Any CPU.Build.0 = Release|Any CPU
		{F43446CF-8910-CEF5-88AE-52CB4F8F60D1}.Debug|Any CPU.ActiveCfg = Debug|Any CPU
		{F43446CF-8910-CEF5-88AE-52CB4F8F60D1}.Debug|Any CPU.Build.0 = Debug|Any CPU
		{F43446CF-8910-CEF5-88AE-52CB4F8F60D1}.Release|Any CPU.ActiveCfg = Release|Any CPU
		{F43446CF-8910-CEF5-88AE-52CB4F8F60D1}.Release|Any CPU.Build.0 = Release|Any CPU
		{5E723EBF-C4E8-2660-F709-52CE0EFF3B68}.Debug|Any CPU.ActiveCfg = Debug|Any CPU
		{5E723EBF-C4E8-2660-F709-52CE0EFF3B68}.Debug|Any CPU.Build.0 = Debug|Any CPU
		{5E723EBF-C4E8-2660-F709-52CE0EFF3B68}.Release|Any CPU.ActiveCfg = Release|Any CPU
		{5E723EBF-C4E8-2660-F709-52CE0EFF3B68}.Release|Any CPU.Build.0 = Release|Any CPU
		{CFD1295B-FCC6-51CC-B188-7B4CAD607573}.Debug|Any CPU.ActiveCfg = Debug|Any CPU
		{CFD1295B-FCC6-51CC-B188-7B4CAD607573}.Debug|Any CPU.Build.0 = Debug|Any CPU
		{CFD1295B-FCC6-51CC-B188-7B4CAD607573}.Release|Any CPU.ActiveCfg = Release|Any CPU
		{CFD1295B-FCC6-51CC-B188-7B4CAD607573}.Release|Any CPU.Build.0 = Release|Any CPU
		{10819686-A4C4-E31C-969A-70EC360221D0}.Debug|Any CPU.ActiveCfg = Debug|Any CPU
		{10819686-A4C4-E31C-969A-70EC360221D0}.Debug|Any CPU.Build.0 = Debug|Any CPU
		{10819686-A4C4-E31C-969A-70EC360221D0}.Release|Any CPU.ActiveCfg = Release|Any CPU
		{10819686-A4C4-E31C-969A-70EC360221D0}.Release|Any CPU.Build.0 = Release|Any CPU
		{45CB9B9D-A09F-6150-FF60-101068E38334}.Debug|Any CPU.ActiveCfg = Debug|Any CPU
		{45CB9B9D-A09F-6150-FF60-101068E38334}.Debug|Any CPU.Build.0 = Debug|Any CPU
		{45CB9B9D-A09F-6150-FF60-101068E38334}.Release|Any CPU.ActiveCfg = Release|Any CPU
		{45CB9B9D-A09F-6150-FF60-101068E38334}.Release|Any CPU.Build.0 = Release|Any CPU
		{B8E74801-D41F-430F-B889-4FB2B2554C18}.Debug|Any CPU.ActiveCfg = Debug|Any CPU
		{B8E74801-D41F-430F-B889-4FB2B2554C18}.Debug|Any CPU.Build.0 = Debug|Any CPU
		{B8E74801-D41F-430F-B889-4FB2B2554C18}.Release|Any CPU.ActiveCfg = Release|Any CPU
		{B8E74801-D41F-430F-B889-4FB2B2554C18}.Release|Any CPU.Build.0 = Release|Any CPU
		{DE7038B0-D591-5F23-EA79-DDFA3DC68171}.Debug|Any CPU.ActiveCfg = Debug|Any CPU
		{DE7038B0-D591-5F23-EA79-DDFA3DC68171}.Debug|Any CPU.Build.0 = Debug|Any CPU
		{DE7038B0-D591-5F23-EA79-DDFA3DC68171}.Release|Any CPU.ActiveCfg = Release|Any CPU
		{DE7038B0-D591-5F23-EA79-DDFA3DC68171}.Release|Any CPU.Build.0 = Release|Any CPU
		{CA7CB24A-9F74-5273-D3A7-186B1473CAA2}.Debug|Any CPU.ActiveCfg = Debug|Any CPU
		{CA7CB24A-9F74-5273-D3A7-186B1473CAA2}.Debug|Any CPU.Build.0 = Debug|Any CPU
		{CA7CB24A-9F74-5273-D3A7-186B1473CAA2}.Release|Any CPU.ActiveCfg = Release|Any CPU
		{CA7CB24A-9F74-5273-D3A7-186B1473CAA2}.Release|Any CPU.Build.0 = Release|Any CPU
		{5D3BDA6F-14A6-FB1A-1B83-CD41725BEF13}.Debug|Any CPU.ActiveCfg = Debug|Any CPU
		{5D3BDA6F-14A6-FB1A-1B83-CD41725BEF13}.Debug|Any CPU.Build.0 = Debug|Any CPU
		{5D3BDA6F-14A6-FB1A-1B83-CD41725BEF13}.Release|Any CPU.ActiveCfg = Release|Any CPU
		{5D3BDA6F-14A6-FB1A-1B83-CD41725BEF13}.Release|Any CPU.Build.0 = Release|Any CPU
		{E68DE711-647F-F326-9DD5-68DEC40433DC}.Debug|Any CPU.ActiveCfg = Debug|Any CPU
		{E68DE711-647F-F326-9DD5-68DEC40433DC}.Debug|Any CPU.Build.0 = Debug|Any CPU
		{E68DE711-647F-F326-9DD5-68DEC40433DC}.Release|Any CPU.ActiveCfg = Release|Any CPU
		{E68DE711-647F-F326-9DD5-68DEC40433DC}.Release|Any CPU.Build.0 = Release|Any CPU
		{242F8558-8E94-DC33-0F94-EB51B96C6198}.Debug|Any CPU.ActiveCfg = Debug|Any CPU
		{242F8558-8E94-DC33-0F94-EB51B96C6198}.Debug|Any CPU.Build.0 = Debug|Any CPU
		{242F8558-8E94-DC33-0F94-EB51B96C6198}.Release|Any CPU.ActiveCfg = Release|Any CPU
		{242F8558-8E94-DC33-0F94-EB51B96C6198}.Release|Any CPU.Build.0 = Release|Any CPU
		{EF93F0FE-9507-420F-2C1F-7B08648C5908}.Debug|Any CPU.ActiveCfg = Debug|Any CPU
		{EF93F0FE-9507-420F-2C1F-7B08648C5908}.Debug|Any CPU.Build.0 = Debug|Any CPU
		{EF93F0FE-9507-420F-2C1F-7B08648C5908}.Release|Any CPU.ActiveCfg = Release|Any CPU
		{EF93F0FE-9507-420F-2C1F-7B08648C5908}.Release|Any CPU.Build.0 = Release|Any CPU
		{08462B29-2F62-47A5-892A-12F7311B0216}.Debug|Any CPU.ActiveCfg = Debug|Any CPU
		{08462B29-2F62-47A5-892A-12F7311B0216}.Debug|Any CPU.Build.0 = Debug|Any CPU
		{08462B29-2F62-47A5-892A-12F7311B0216}.Release|Any CPU.ActiveCfg = Release|Any CPU
		{08462B29-2F62-47A5-892A-12F7311B0216}.Release|Any CPU.Build.0 = Release|Any CPU
		{30325F94-4230-7628-4D70-C15C9EDAE5DB}.Debug|Any CPU.ActiveCfg = Debug|Any CPU
		{30325F94-4230-7628-4D70-C15C9EDAE5DB}.Debug|Any CPU.Build.0 = Debug|Any CPU
		{30325F94-4230-7628-4D70-C15C9EDAE5DB}.Release|Any CPU.ActiveCfg = Release|Any CPU
		{30325F94-4230-7628-4D70-C15C9EDAE5DB}.Release|Any CPU.Build.0 = Release|Any CPU
		{4F45611F-F161-4277-B5AE-4D945A249881}.Debug|Any CPU.ActiveCfg = Debug|Any CPU
		{4F45611F-F161-4277-B5AE-4D945A249881}.Debug|Any CPU.Build.0 = Debug|Any CPU
		{4F45611F-F161-4277-B5AE-4D945A249881}.Release|Any CPU.ActiveCfg = Release|Any CPU
		{4F45611F-F161-4277-B5AE-4D945A249881}.Release|Any CPU.Build.0 = Release|Any CPU
		{1173A5FB-5A23-8CEA-6E34-0AE76B79C576}.Debug|Any CPU.ActiveCfg = Debug|Any CPU
		{1173A5FB-5A23-8CEA-6E34-0AE76B79C576}.Debug|Any CPU.Build.0 = Debug|Any CPU
		{1173A5FB-5A23-8CEA-6E34-0AE76B79C576}.Release|Any CPU.ActiveCfg = Release|Any CPU
		{1173A5FB-5A23-8CEA-6E34-0AE76B79C576}.Release|Any CPU.Build.0 = Release|Any CPU
		{53472B35-661F-B5AB-D7EB-DC8D1087C6C7}.Debug|Any CPU.ActiveCfg = Debug|Any CPU
		{53472B35-661F-B5AB-D7EB-DC8D1087C6C7}.Debug|Any CPU.Build.0 = Debug|Any CPU
		{53472B35-661F-B5AB-D7EB-DC8D1087C6C7}.Release|Any CPU.ActiveCfg = Release|Any CPU
		{53472B35-661F-B5AB-D7EB-DC8D1087C6C7}.Release|Any CPU.Build.0 = Release|Any CPU
		{92400DE9-4701-B73C-9C70-C22833AB59AA}.Debug|Any CPU.ActiveCfg = Debug|Any CPU
		{92400DE9-4701-B73C-9C70-C22833AB59AA}.Debug|Any CPU.Build.0 = Debug|Any CPU
		{92400DE9-4701-B73C-9C70-C22833AB59AA}.Release|Any CPU.ActiveCfg = Release|Any CPU
		{92400DE9-4701-B73C-9C70-C22833AB59AA}.Release|Any CPU.Build.0 = Release|Any CPU
		{3A8E6396-F6D5-940B-8EFC-D8F6EFB2EFB8}.Debug|Any CPU.ActiveCfg = Debug|Any CPU
		{3A8E6396-F6D5-940B-8EFC-D8F6EFB2EFB8}.Debug|Any CPU.Build.0 = Debug|Any CPU
		{3A8E6396-F6D5-940B-8EFC-D8F6EFB2EFB8}.Release|Any CPU.ActiveCfg = Release|Any CPU
		{3A8E6396-F6D5-940B-8EFC-D8F6EFB2EFB8}.Release|Any CPU.Build.0 = Release|Any CPU
		{19503C2C-6E9E-9ED6-9D11-D805E3A8861D}.Debug|Any CPU.ActiveCfg = Debug|Any CPU
		{19503C2C-6E9E-9ED6-9D11-D805E3A8861D}.Debug|Any CPU.Build.0 = Debug|Any CPU
		{19503C2C-6E9E-9ED6-9D11-D805E3A8861D}.Release|Any CPU.ActiveCfg = Release|Any CPU
		{19503C2C-6E9E-9ED6-9D11-D805E3A8861D}.Release|Any CPU.Build.0 = Release|Any CPU
		{31996B3B-7A5C-6A05-B8D2-CBE26CB1DB34}.Debug|Any CPU.ActiveCfg = Debug|Any CPU
		{31996B3B-7A5C-6A05-B8D2-CBE26CB1DB34}.Debug|Any CPU.Build.0 = Debug|Any CPU
		{31996B3B-7A5C-6A05-B8D2-CBE26CB1DB34}.Release|Any CPU.ActiveCfg = Release|Any CPU
		{31996B3B-7A5C-6A05-B8D2-CBE26CB1DB34}.Release|Any CPU.Build.0 = Release|Any CPU
		{72423A81-1B9E-1FF2-5242-3B9435BBAB70}.Debug|Any CPU.ActiveCfg = Debug|Any CPU
		{72423A81-1B9E-1FF2-5242-3B9435BBAB70}.Debug|Any CPU.Build.0 = Debug|Any CPU
		{72423A81-1B9E-1FF2-5242-3B9435BBAB70}.Release|Any CPU.ActiveCfg = Release|Any CPU
		{72423A81-1B9E-1FF2-5242-3B9435BBAB70}.Release|Any CPU.Build.0 = Release|Any CPU
		{5A24572E-C221-3EB2-BE02-13F94455EFEB}.Debug|Any CPU.ActiveCfg = Debug|Any CPU
		{5A24572E-C221-3EB2-BE02-13F94455EFEB}.Debug|Any CPU.Build.0 = Debug|Any CPU
		{5A24572E-C221-3EB2-BE02-13F94455EFEB}.Release|Any CPU.ActiveCfg = Release|Any CPU
		{5A24572E-C221-3EB2-BE02-13F94455EFEB}.Release|Any CPU.Build.0 = Release|Any CPU
		{26532244-6C0F-9522-BBF6-675245578E78}.Debug|Any CPU.ActiveCfg = Debug|Any CPU
		{26532244-6C0F-9522-BBF6-675245578E78}.Debug|Any CPU.Build.0 = Debug|Any CPU
		{26532244-6C0F-9522-BBF6-675245578E78}.Release|Any CPU.ActiveCfg = Release|Any CPU
		{26532244-6C0F-9522-BBF6-675245578E78}.Release|Any CPU.Build.0 = Release|Any CPU
		{BBF35F06-22DF-C543-3EA8-C8B1E854866E}.Debug|Any CPU.ActiveCfg = Debug|Any CPU
		{BBF35F06-22DF-C543-3EA8-C8B1E854866E}.Debug|Any CPU.Build.0 = Debug|Any CPU
		{BBF35F06-22DF-C543-3EA8-C8B1E854866E}.Release|Any CPU.ActiveCfg = Release|Any CPU
		{BBF35F06-22DF-C543-3EA8-C8B1E854866E}.Release|Any CPU.Build.0 = Release|Any CPU
		{819B5F5A-CDBF-90E6-3BE3-F361569460C2}.Debug|Any CPU.ActiveCfg = Debug|Any CPU
		{819B5F5A-CDBF-90E6-3BE3-F361569460C2}.Debug|Any CPU.Build.0 = Debug|Any CPU
		{819B5F5A-CDBF-90E6-3BE3-F361569460C2}.Release|Any CPU.ActiveCfg = Release|Any CPU
		{819B5F5A-CDBF-90E6-3BE3-F361569460C2}.Release|Any CPU.Build.0 = Release|Any CPU
		{2513AE59-1481-F94D-6117-3F8994541D21}.Debug|Any CPU.ActiveCfg = Debug|Any CPU
		{2513AE59-1481-F94D-6117-3F8994541D21}.Debug|Any CPU.Build.0 = Debug|Any CPU
		{2513AE59-1481-F94D-6117-3F8994541D21}.Release|Any CPU.ActiveCfg = Release|Any CPU
		{2513AE59-1481-F94D-6117-3F8994541D21}.Release|Any CPU.Build.0 = Release|Any CPU
		{8A1E9563-D37D-4228-38C2-8085C0C8FA50}.Debug|Any CPU.ActiveCfg = Debug|Any CPU
		{8A1E9563-D37D-4228-38C2-8085C0C8FA50}.Debug|Any CPU.Build.0 = Debug|Any CPU
		{8A1E9563-D37D-4228-38C2-8085C0C8FA50}.Release|Any CPU.ActiveCfg = Release|Any CPU
		{8A1E9563-D37D-4228-38C2-8085C0C8FA50}.Release|Any CPU.Build.0 = Release|Any CPU
		{9860690F-01DB-70D6-5E6C-F49AB2D8D671}.Debug|Any CPU.ActiveCfg = Debug|Any CPU
		{9860690F-01DB-70D6-5E6C-F49AB2D8D671}.Debug|Any CPU.Build.0 = Debug|Any CPU
		{9860690F-01DB-70D6-5E6C-F49AB2D8D671}.Release|Any CPU.ActiveCfg = Release|Any CPU
		{9860690F-01DB-70D6-5E6C-F49AB2D8D671}.Release|Any CPU.Build.0 = Release|Any CPU
		{34FA0038-D90C-BDC8-7C5A-970A24832B05}.Debug|Any CPU.ActiveCfg = Debug|Any CPU
		{34FA0038-D90C-BDC8-7C5A-970A24832B05}.Debug|Any CPU.Build.0 = Debug|Any CPU
		{34FA0038-D90C-BDC8-7C5A-970A24832B05}.Release|Any CPU.ActiveCfg = Release|Any CPU
		{34FA0038-D90C-BDC8-7C5A-970A24832B05}.Release|Any CPU.Build.0 = Release|Any CPU
		{BA619C82-2C11-29E3-8139-06D83140485B}.Debug|Any CPU.ActiveCfg = Debug|Any CPU
		{BA619C82-2C11-29E3-8139-06D83140485B}.Debug|Any CPU.Build.0 = Debug|Any CPU
		{BA619C82-2C11-29E3-8139-06D83140485B}.Release|Any CPU.ActiveCfg = Release|Any CPU
		{BA619C82-2C11-29E3-8139-06D83140485B}.Release|Any CPU.Build.0 = Release|Any CPU
		{502C1A12-7B9D-EAD9-6993-2307E945BFEB}.Debug|Any CPU.ActiveCfg = Debug|Any CPU
		{502C1A12-7B9D-EAD9-6993-2307E945BFEB}.Debug|Any CPU.Build.0 = Debug|Any CPU
		{502C1A12-7B9D-EAD9-6993-2307E945BFEB}.Release|Any CPU.ActiveCfg = Release|Any CPU
		{502C1A12-7B9D-EAD9-6993-2307E945BFEB}.Release|Any CPU.Build.0 = Release|Any CPU
		{862B1624-4E4A-7CC3-036A-8B41214D57C1}.Debug|Any CPU.ActiveCfg = Debug|Any CPU
		{862B1624-4E4A-7CC3-036A-8B41214D57C1}.Debug|Any CPU.Build.0 = Debug|Any CPU
		{862B1624-4E4A-7CC3-036A-8B41214D57C1}.Release|Any CPU.ActiveCfg = Release|Any CPU
		{862B1624-4E4A-7CC3-036A-8B41214D57C1}.Release|Any CPU.Build.0 = Release|Any CPU
		{3167D99F-BC05-E529-0AC8-E497121C6C5C}.Debug|Any CPU.ActiveCfg = Debug|Any CPU
		{3167D99F-BC05-E529-0AC8-E497121C6C5C}.Debug|Any CPU.Build.0 = Debug|Any CPU
		{3167D99F-BC05-E529-0AC8-E497121C6C5C}.Release|Any CPU.ActiveCfg = Release|Any CPU
		{3167D99F-BC05-E529-0AC8-E497121C6C5C}.Release|Any CPU.Build.0 = Release|Any CPU
		{027E52A0-E4D4-C921-87E0-C95029425B4B}.Debug|Any CPU.ActiveCfg = Debug|Any CPU
		{027E52A0-E4D4-C921-87E0-C95029425B4B}.Debug|Any CPU.Build.0 = Debug|Any CPU
		{027E52A0-E4D4-C921-87E0-C95029425B4B}.Release|Any CPU.ActiveCfg = Release|Any CPU
		{027E52A0-E4D4-C921-87E0-C95029425B4B}.Release|Any CPU.Build.0 = Release|Any CPU
		{AB8394DC-6A48-1DBA-9DB1-6101BD21906C}.Debug|Any CPU.ActiveCfg = Debug|Any CPU
		{AB8394DC-6A48-1DBA-9DB1-6101BD21906C}.Debug|Any CPU.Build.0 = Debug|Any CPU
		{AB8394DC-6A48-1DBA-9DB1-6101BD21906C}.Release|Any CPU.ActiveCfg = Release|Any CPU
		{AB8394DC-6A48-1DBA-9DB1-6101BD21906C}.Release|Any CPU.Build.0 = Release|Any CPU
		{3C25FB2C-37DC-F49A-F583-4A81192AEFA6}.Debug|Any CPU.ActiveCfg = Debug|Any CPU
		{3C25FB2C-37DC-F49A-F583-4A81192AEFA6}.Debug|Any CPU.Build.0 = Debug|Any CPU
		{3C25FB2C-37DC-F49A-F583-4A81192AEFA6}.Release|Any CPU.ActiveCfg = Release|Any CPU
		{3C25FB2C-37DC-F49A-F583-4A81192AEFA6}.Release|Any CPU.Build.0 = Release|Any CPU
		{7C5757A3-8E02-80D1-751B-E50E46FF84C3}.Debug|Any CPU.ActiveCfg = Debug|Any CPU
		{7C5757A3-8E02-80D1-751B-E50E46FF84C3}.Debug|Any CPU.Build.0 = Debug|Any CPU
		{7C5757A3-8E02-80D1-751B-E50E46FF84C3}.Release|Any CPU.ActiveCfg = Release|Any CPU
		{7C5757A3-8E02-80D1-751B-E50E46FF84C3}.Release|Any CPU.Build.0 = Release|Any CPU
		{4709A5BD-5CA6-F332-BF27-73B8885C4D1E}.Debug|Any CPU.ActiveCfg = Debug|Any CPU
		{4709A5BD-5CA6-F332-BF27-73B8885C4D1E}.Debug|Any CPU.Build.0 = Debug|Any CPU
		{4709A5BD-5CA6-F332-BF27-73B8885C4D1E}.Release|Any CPU.ActiveCfg = Release|Any CPU
		{4709A5BD-5CA6-F332-BF27-73B8885C4D1E}.Release|Any CPU.Build.0 = Release|Any CPU
		{655BB163-7AAD-5AFC-AC1B-ECABEBC0E6FB}.Debug|Any CPU.ActiveCfg = Debug|Any CPU
		{655BB163-7AAD-5AFC-AC1B-ECABEBC0E6FB}.Debug|Any CPU.Build.0 = Debug|Any CPU
		{655BB163-7AAD-5AFC-AC1B-ECABEBC0E6FB}.Release|Any CPU.ActiveCfg = Release|Any CPU
		{655BB163-7AAD-5AFC-AC1B-ECABEBC0E6FB}.Release|Any CPU.Build.0 = Release|Any CPU
		{3A69D35E-5FCF-E113-FADE-BF8487795FF0}.Debug|Any CPU.ActiveCfg = Debug|Any CPU
		{3A69D35E-5FCF-E113-FADE-BF8487795FF0}.Debug|Any CPU.Build.0 = Debug|Any CPU
		{3A69D35E-5FCF-E113-FADE-BF8487795FF0}.Release|Any CPU.ActiveCfg = Release|Any CPU
		{3A69D35E-5FCF-E113-FADE-BF8487795FF0}.Release|Any CPU.Build.0 = Release|Any CPU
		{EF4475F8-E580-8734-0BB5-6B025087988D}.Debug|Any CPU.ActiveCfg = Debug|Any CPU
		{EF4475F8-E580-8734-0BB5-6B025087988D}.Debug|Any CPU.Build.0 = Debug|Any CPU
		{EF4475F8-E580-8734-0BB5-6B025087988D}.Release|Any CPU.ActiveCfg = Release|Any CPU
		{EF4475F8-E580-8734-0BB5-6B025087988D}.Release|Any CPU.Build.0 = Release|Any CPU
		{ECBBD744-B45C-7D3D-C82A-4332EAA5A5A2}.Debug|Any CPU.ActiveCfg = Debug|Any CPU
		{ECBBD744-B45C-7D3D-C82A-4332EAA5A5A2}.Debug|Any CPU.Build.0 = Debug|Any CPU
		{ECBBD744-B45C-7D3D-C82A-4332EAA5A5A2}.Release|Any CPU.ActiveCfg = Release|Any CPU
		{ECBBD744-B45C-7D3D-C82A-4332EAA5A5A2}.Release|Any CPU.Build.0 = Release|Any CPU
		{92EB4A59-17F2-DBB4-4F2C-B109552AECEB}.Debug|Any CPU.ActiveCfg = Debug|Any CPU
		{92EB4A59-17F2-DBB4-4F2C-B109552AECEB}.Debug|Any CPU.Build.0 = Debug|Any CPU
		{92EB4A59-17F2-DBB4-4F2C-B109552AECEB}.Release|Any CPU.ActiveCfg = Release|Any CPU
		{92EB4A59-17F2-DBB4-4F2C-B109552AECEB}.Release|Any CPU.Build.0 = Release|Any CPU
		{A4DEFA0A-5AF1-B5EE-3E08-D046011BA4E2}.Debug|Any CPU.ActiveCfg = Debug|Any CPU
		{A4DEFA0A-5AF1-B5EE-3E08-D046011BA4E2}.Debug|Any CPU.Build.0 = Debug|Any CPU
		{A4DEFA0A-5AF1-B5EE-3E08-D046011BA4E2}.Release|Any CPU.ActiveCfg = Release|Any CPU
		{A4DEFA0A-5AF1-B5EE-3E08-D046011BA4E2}.Release|Any CPU.Build.0 = Release|Any CPU
		{1FC3A706-9CE2-48DE-E3F9-9FC7760421DF}.Debug|Any CPU.ActiveCfg = Debug|Any CPU
		{1FC3A706-9CE2-48DE-E3F9-9FC7760421DF}.Debug|Any CPU.Build.0 = Debug|Any CPU
		{1FC3A706-9CE2-48DE-E3F9-9FC7760421DF}.Release|Any CPU.ActiveCfg = Release|Any CPU
		{1FC3A706-9CE2-48DE-E3F9-9FC7760421DF}.Release|Any CPU.Build.0 = Release|Any CPU
		{9FCEF949-E14E-2485-780D-F7217BDDABF1}.Debug|Any CPU.ActiveCfg = Debug|Any CPU
		{9FCEF949-E14E-2485-780D-F7217BDDABF1}.Debug|Any CPU.Build.0 = Debug|Any CPU
		{9FCEF949-E14E-2485-780D-F7217BDDABF1}.Release|Any CPU.ActiveCfg = Release|Any CPU
		{9FCEF949-E14E-2485-780D-F7217BDDABF1}.Release|Any CPU.Build.0 = Release|Any CPU
		{0E43612F-9019-0033-9A0E-ACF8E94F9E9D}.Debug|Any CPU.ActiveCfg = Debug|Any CPU
		{0E43612F-9019-0033-9A0E-ACF8E94F9E9D}.Debug|Any CPU.Build.0 = Debug|Any CPU
		{0E43612F-9019-0033-9A0E-ACF8E94F9E9D}.Release|Any CPU.ActiveCfg = Release|Any CPU
		{0E43612F-9019-0033-9A0E-ACF8E94F9E9D}.Release|Any CPU.Build.0 = Release|Any CPU
		{0771AE2C-5258-EB7D-37E0-14DAC71D2A4B}.Debug|Any CPU.ActiveCfg = Debug|Any CPU
		{0771AE2C-5258-EB7D-37E0-14DAC71D2A4B}.Debug|Any CPU.Build.0 = Debug|Any CPU
		{0771AE2C-5258-EB7D-37E0-14DAC71D2A4B}.Release|Any CPU.ActiveCfg = Release|Any CPU
		{0771AE2C-5258-EB7D-37E0-14DAC71D2A4B}.Release|Any CPU.Build.0 = Release|Any CPU
		{CEDF107E-30EF-8AF0-B068-69E327E49BFB}.Debug|Any CPU.ActiveCfg = Debug|Any CPU
		{CEDF107E-30EF-8AF0-B068-69E327E49BFB}.Debug|Any CPU.Build.0 = Debug|Any CPU
		{CEDF107E-30EF-8AF0-B068-69E327E49BFB}.Release|Any CPU.ActiveCfg = Release|Any CPU
		{CEDF107E-30EF-8AF0-B068-69E327E49BFB}.Release|Any CPU.Build.0 = Release|Any CPU
		{5BDAAE9F-2B6D-E36D-70F8-CD8663733A88}.Debug|Any CPU.ActiveCfg = Debug|Any CPU
		{5BDAAE9F-2B6D-E36D-70F8-CD8663733A88}.Debug|Any CPU.Build.0 = Debug|Any CPU
		{5BDAAE9F-2B6D-E36D-70F8-CD8663733A88}.Release|Any CPU.ActiveCfg = Release|Any CPU
		{5BDAAE9F-2B6D-E36D-70F8-CD8663733A88}.Release|Any CPU.Build.0 = Release|Any CPU
		{6FD84F95-47FC-310C-ECCA-B474E98A2B75}.Debug|Any CPU.ActiveCfg = Debug|Any CPU
		{6FD84F95-47FC-310C-ECCA-B474E98A2B75}.Debug|Any CPU.Build.0 = Debug|Any CPU
		{6FD84F95-47FC-310C-ECCA-B474E98A2B75}.Release|Any CPU.ActiveCfg = Release|Any CPU
		{6FD84F95-47FC-310C-ECCA-B474E98A2B75}.Release|Any CPU.Build.0 = Release|Any CPU
		{5CEDA5F1-39FC-087D-CA50-AF98E489A06C}.Debug|Any CPU.ActiveCfg = Debug|Any CPU
		{5CEDA5F1-39FC-087D-CA50-AF98E489A06C}.Debug|Any CPU.Build.0 = Debug|Any CPU
		{5CEDA5F1-39FC-087D-CA50-AF98E489A06C}.Release|Any CPU.ActiveCfg = Release|Any CPU
		{5CEDA5F1-39FC-087D-CA50-AF98E489A06C}.Release|Any CPU.Build.0 = Release|Any CPU
		{6EC7DF46-9121-5078-FC47-88C36600B9C2}.Debug|Any CPU.ActiveCfg = Debug|Any CPU
		{6EC7DF46-9121-5078-FC47-88C36600B9C2}.Debug|Any CPU.Build.0 = Debug|Any CPU
		{6EC7DF46-9121-5078-FC47-88C36600B9C2}.Release|Any CPU.ActiveCfg = Release|Any CPU
		{6EC7DF46-9121-5078-FC47-88C36600B9C2}.Release|Any CPU.Build.0 = Release|Any CPU
		{7A8226F2-0ABF-02AF-3303-20E338B8AA87}.Debug|Any CPU.ActiveCfg = Debug|Any CPU
		{7A8226F2-0ABF-02AF-3303-20E338B8AA87}.Debug|Any CPU.Build.0 = Debug|Any CPU
		{7A8226F2-0ABF-02AF-3303-20E338B8AA87}.Release|Any CPU.ActiveCfg = Release|Any CPU
		{7A8226F2-0ABF-02AF-3303-20E338B8AA87}.Release|Any CPU.Build.0 = Release|Any CPU
		{7149B123-3B5F-9D62-957B-060C35E9AAEF}.Debug|Any CPU.ActiveCfg = Debug|Any CPU
		{7149B123-3B5F-9D62-957B-060C35E9AAEF}.Debug|Any CPU.Build.0 = Debug|Any CPU
		{7149B123-3B5F-9D62-957B-060C35E9AAEF}.Release|Any CPU.ActiveCfg = Release|Any CPU
		{7149B123-3B5F-9D62-957B-060C35E9AAEF}.Release|Any CPU.Build.0 = Release|Any CPU
		{E4AD85FE-BF9C-5DA7-63DC-6005B857435F}.Debug|Any CPU.ActiveCfg = Debug|Any CPU
		{E4AD85FE-BF9C-5DA7-63DC-6005B857435F}.Debug|Any CPU.Build.0 = Debug|Any CPU
		{E4AD85FE-BF9C-5DA7-63DC-6005B857435F}.Release|Any CPU.ActiveCfg = Release|Any CPU
		{E4AD85FE-BF9C-5DA7-63DC-6005B857435F}.Release|Any CPU.Build.0 = Release|Any CPU
		{317134BD-3E6E-98EB-B187-51AE502810F1}.Debug|Any CPU.ActiveCfg = Debug|Any CPU
		{317134BD-3E6E-98EB-B187-51AE502810F1}.Debug|Any CPU.Build.0 = Debug|Any CPU
		{317134BD-3E6E-98EB-B187-51AE502810F1}.Release|Any CPU.ActiveCfg = Release|Any CPU
		{317134BD-3E6E-98EB-B187-51AE502810F1}.Release|Any CPU.Build.0 = Release|Any CPU
		{27C9351A-7136-93D4-6197-36D30CC3A725}.Debug|Any CPU.ActiveCfg = Debug|Any CPU
		{27C9351A-7136-93D4-6197-36D30CC3A725}.Debug|Any CPU.Build.0 = Debug|Any CPU
		{27C9351A-7136-93D4-6197-36D30CC3A725}.Release|Any CPU.ActiveCfg = Release|Any CPU
		{27C9351A-7136-93D4-6197-36D30CC3A725}.Release|Any CPU.Build.0 = Release|Any CPU
		{226CDB5B-1888-060E-52F6-833B42C983C8}.Debug|Any CPU.ActiveCfg = Debug|Any CPU
		{226CDB5B-1888-060E-52F6-833B42C983C8}.Debug|Any CPU.Build.0 = Debug|Any CPU
		{226CDB5B-1888-060E-52F6-833B42C983C8}.Release|Any CPU.ActiveCfg = Release|Any CPU
		{226CDB5B-1888-060E-52F6-833B42C983C8}.Release|Any CPU.Build.0 = Release|Any CPU
		{736DA652-DE1F-5A60-14E9-6DBB59246E7F}.Debug|Any CPU.ActiveCfg = Debug|Any CPU
		{736DA652-DE1F-5A60-14E9-6DBB59246E7F}.Debug|Any CPU.Build.0 = Debug|Any CPU
		{736DA652-DE1F-5A60-14E9-6DBB59246E7F}.Release|Any CPU.ActiveCfg = Release|Any CPU
		{736DA652-DE1F-5A60-14E9-6DBB59246E7F}.Release|Any CPU.Build.0 = Release|Any CPU
		{113D028A-E40B-8A75-D3E7-C3C6ACF59DFD}.Debug|Any CPU.ActiveCfg = Debug|Any CPU
		{113D028A-E40B-8A75-D3E7-C3C6ACF59DFD}.Debug|Any CPU.Build.0 = Debug|Any CPU
		{113D028A-E40B-8A75-D3E7-C3C6ACF59DFD}.Release|Any CPU.ActiveCfg = Release|Any CPU
		{113D028A-E40B-8A75-D3E7-C3C6ACF59DFD}.Release|Any CPU.Build.0 = Release|Any CPU
		{320F9F27-4B3E-B87A-8CFF-87309FE5EE45}.Debug|Any CPU.ActiveCfg = Debug|Any CPU
		{320F9F27-4B3E-B87A-8CFF-87309FE5EE45}.Debug|Any CPU.Build.0 = Debug|Any CPU
		{320F9F27-4B3E-B87A-8CFF-87309FE5EE45}.Release|Any CPU.ActiveCfg = Release|Any CPU
		{320F9F27-4B3E-B87A-8CFF-87309FE5EE45}.Release|Any CPU.Build.0 = Release|Any CPU
		{A3A02713-BFBE-E31A-8267-29CF6A6B9DCB}.Debug|Any CPU.ActiveCfg = Debug|Any CPU
		{A3A02713-BFBE-E31A-8267-29CF6A6B9DCB}.Debug|Any CPU.Build.0 = Debug|Any CPU
		{A3A02713-BFBE-E31A-8267-29CF6A6B9DCB}.Release|Any CPU.ActiveCfg = Release|Any CPU
		{A3A02713-BFBE-E31A-8267-29CF6A6B9DCB}.Release|Any CPU.Build.0 = Release|Any CPU
		{3E23599D-33E5-879C-EF6F-3E5EBA7641FC}.Debug|Any CPU.ActiveCfg = Debug|Any CPU
		{3E23599D-33E5-879C-EF6F-3E5EBA7641FC}.Debug|Any CPU.Build.0 = Debug|Any CPU
		{3E23599D-33E5-879C-EF6F-3E5EBA7641FC}.Release|Any CPU.ActiveCfg = Release|Any CPU
		{3E23599D-33E5-879C-EF6F-3E5EBA7641FC}.Release|Any CPU.Build.0 = Release|Any CPU
		{DD7574DD-FBFA-EAA5-108E-28036E74A5E8}.Debug|Any CPU.ActiveCfg = Debug|Any CPU
		{DD7574DD-FBFA-EAA5-108E-28036E74A5E8}.Debug|Any CPU.Build.0 = Debug|Any CPU
		{DD7574DD-FBFA-EAA5-108E-28036E74A5E8}.Release|Any CPU.ActiveCfg = Release|Any CPU
		{DD7574DD-FBFA-EAA5-108E-28036E74A5E8}.Release|Any CPU.Build.0 = Release|Any CPU
	EndGlobalSection
	GlobalSection(SolutionProperties) = preSolution
		HideSolutionNode = FALSE
	EndGlobalSection
EndGlobal
